
Microsoft Visual Studio Solution File, Format Version 12.00
# Visual Studio Version 17
VisualStudioVersion = 17.9.34723.18
MinimumVisualStudioVersion = 10.0.40219.1
Project("{9A19103F-16F7-4668-BE54-9A1E7A4F7556}") = "Unicam.Paradigmi.Test", "Unicam.Paradigmi.Test\Unicam.Paradigmi.Test.csproj", "{22E0435A-8C63-4C78-A389-34A76B6649F8}"
EndProject
Project("{9A19103F-16F7-4668-BE54-9A1E7A4F7556}") = "Unicam.Paradigmi.Abstractions", "Unicam.Paradigmi.Abstractions\Unicam.Paradigmi.Abstractions.csproj", "{5D160B94-E40F-450A-9AF4-2165EE9FE49C}"
EndProject
Project("{9A19103F-16F7-4668-BE54-9A1E7A4F7556}") = "Unicam.Paradigmi.Models", "Unicam.Paradigmi.Models\Unicam.Paradigmi.Models.csproj", "{A6685077-D840-4C76-A106-02B31524D65F}"
EndProject
Project("{9A19103F-16F7-4668-BE54-9A1E7A4F7556}") = "Unicam.Paradigmi.Web", "Unicam.Paradigmi.Web\Unicam.Paradigmi.Web.csproj", "{5B7CA548-FB08-491F-A40E-C93C50735106}"
EndProject
Project("{FAE04EC0-301F-11D3-BF4B-00C04F79EFBC}") = "Unicam.Paradigmi.Application", "Unicam.Paradigmi.Application\Unicam.Paradigmi.Application.csproj", "{D1931263-429D-415C-8570-85DCABDAFE1E}"
EndProject
Global
	GlobalSection(SolutionConfigurationPlatforms) = preSolution
		Debug|Any CPU = Debug|Any CPU
		Release|Any CPU = Release|Any CPU
	EndGlobalSection
	GlobalSection(ProjectConfigurationPlatforms) = postSolution
		{22E0435A-8C63-4C78-A389-34A76B6649F8}.Debug|Any CPU.ActiveCfg = Debug|Any CPU
		{22E0435A-8C63-4C78-A389-34A76B6649F8}.Debug|Any CPU.Build.0 = Debug|Any CPU
		{22E0435A-8C63-4C78-A389-34A76B6649F8}.Release|Any CPU.ActiveCfg = Release|Any CPU
		{22E0435A-8C63-4C78-A389-34A76B6649F8}.Release|Any CPU.Build.0 = Release|Any CPU
		{5D160B94-E40F-450A-9AF4-2165EE9FE49C}.Debug|Any CPU.ActiveCfg = Debug|Any CPU
		{5D160B94-E40F-450A-9AF4-2165EE9FE49C}.Debug|Any CPU.Build.0 = Debug|Any CPU
		{5D160B94-E40F-450A-9AF4-2165EE9FE49C}.Release|Any CPU.ActiveCfg = Release|Any CPU
		{5D160B94-E40F-450A-9AF4-2165EE9FE49C}.Release|Any CPU.Build.0 = Release|Any CPU
		{A6685077-D840-4C76-A106-02B31524D65F}.Debug|Any CPU.ActiveCfg = Debug|Any CPU
		{A6685077-D840-4C76-A106-02B31524D65F}.Debug|Any CPU.Build.0 = Debug|Any CPU
		{A6685077-D840-4C76-A106-02B31524D65F}.Release|Any CPU.ActiveCfg = Release|Any CPU
		{A6685077-D840-4C76-A106-02B31524D65F}.Release|Any CPU.Build.0 = Release|Any CPU
		{5B7CA548-FB08-491F-A40E-C93C50735106}.Debug|Any CPU.ActiveCfg = Debug|Any CPU
		{5B7CA548-FB08-491F-A40E-C93C50735106}.Debug|Any CPU.Build.0 = Debug|Any CPU
		{5B7CA548-FB08-491F-A40E-C93C50735106}.Release|Any CPU.ActiveCfg = Release|Any CPU
		{5B7CA548-FB08-491F-A40E-C93C50735106}.Release|Any CPU.Build.0 = Release|Any CPU
		{D1931263-429D-415C-8570-85DCABDAFE1E}.Debug|Any CPU.ActiveCfg = Debug|Any CPU
		{D1931263-429D-415C-8570-85DCABDAFE1E}.Debug|Any CPU.Build.0 = Debug|Any CPU
		{D1931263-429D-415C-8570-85DCABDAFE1E}.Release|Any CPU.ActiveCfg = Release|Any CPU
		{D1931263-429D-415C-8570-85DCABDAFE1E}.Release|Any CPU.Build.0 = Release|Any CPU
	EndGlobalSection
	GlobalSection(SolutionProperties) = preSolution
		HideSolutionNode = FALSE
	EndGlobalSection
	GlobalSection(ExtensibilityGlobals) = postSolution
		SolutionGuid = {69A9EAD1-1187-4093-B1E5-018E7EC79B62}
	EndGlobalSection
EndGlobal
